
Microsoft Visual Studio Solution File, Format Version 12.00
# Visual Studio 15
Project("{FAE04EC0-301F-11D3-BF4B-00C04F79EFBC}") = "Assembly-CSharp-firstpass", "Assembly-CSharp-firstpass.csproj", "{C01697DE-80DE-70AD-934F-46A7CDC92E6A}"
EndProject
Project("{FAE04EC0-301F-11D3-BF4B-00C04F79EFBC}") = "Assembly-CSharp", "Assembly-CSharp.csproj", "{1B392A66-0481-DD53-11E7-8D00E35B196F}"
EndProject
Project("{FAE04EC0-301F-11D3-BF4B-00C04F79EFBC}") = "Assembly-CSharp-Editor-firstpass", "Assembly-CSharp-Editor-firstpass.csproj", "{5BA66A5E-581D-929A-3FAF-0578BC977D76}"
EndProject
Project("{FAE04EC0-301F-11D3-BF4B-00C04F79EFBC}") = "Assembly-CSharp-Editor", "Assembly-CSharp-Editor.csproj", "{FE008954-47B5-31D3-6634-058CDDFFAC55}"
EndProject
Global
	GlobalSection(SolutionConfigurationPlatforms) = preSolution
		Debug|Any CPU = Debug|Any CPU
		Release|Any CPU = Release|Any CPU
	EndGlobalSection
	GlobalSection(ProjectConfigurationPlatforms) = postSolution
		{C01697DE-80DE-70AD-934F-46A7CDC92E6A}.Debug|Any CPU.ActiveCfg = Debug|Any CPU
		{C01697DE-80DE-70AD-934F-46A7CDC92E6A}.Debug|Any CPU.Build.0 = Debug|Any CPU
		{C01697DE-80DE-70AD-934F-46A7CDC92E6A}.Release|Any CPU.ActiveCfg = Release|Any CPU
		{C01697DE-80DE-70AD-934F-46A7CDC92E6A}.Release|Any CPU.Build.0 = Release|Any CPU
		{1B392A66-0481-DD53-11E7-8D00E35B196F}.Debug|Any CPU.ActiveCfg = Debug|Any CPU
		{1B392A66-0481-DD53-11E7-8D00E35B196F}.Debug|Any CPU.Build.0 = Debug|Any CPU
		{1B392A66-0481-DD53-11E7-8D00E35B196F}.Release|Any CPU.ActiveCfg = Release|Any CPU
		{1B392A66-0481-DD53-11E7-8D00E35B196F}.Release|Any CPU.Build.0 = Release|Any CPU
		{5BA66A5E-581D-929A-3FAF-0578BC977D76}.Debug|Any CPU.ActiveCfg = Debug|Any CPU
		{5BA66A5E-581D-929A-3FAF-0578BC977D76}.Debug|Any CPU.Build.0 = Debug|Any CPU
		{5BA66A5E-581D-929A-3FAF-0578BC977D76}.Release|Any CPU.ActiveCfg = Release|Any CPU
		{5BA66A5E-581D-929A-3FAF-0578BC977D76}.Release|Any CPU.Build.0 = Release|Any CPU
		{FE008954-47B5-31D3-6634-058CDDFFAC55}.Debug|Any CPU.ActiveCfg = Debug|Any CPU
		{FE008954-47B5-31D3-6634-058CDDFFAC55}.Debug|Any CPU.Build.0 = Debug|Any CPU
		{FE008954-47B5-31D3-6634-058CDDFFAC55}.Release|Any CPU.ActiveCfg = Release|Any CPU
		{FE008954-47B5-31D3-6634-058CDDFFAC55}.Release|Any CPU.Build.0 = Release|Any CPU
	EndGlobalSection
	GlobalSection(SolutionProperties) = preSolution
		HideSolutionNode = FALSE
	EndGlobalSection
EndGlobal
